
Microsoft Visual Studio Solution File, Format Version 12.00
# Visual Studio Version 17
VisualStudioVersion = 17.0.31903.59
MinimumVisualStudioVersion = 10.0.40219.1
Project("{FAE04EC0-301F-11D3-BF4B-00C04F79EFBC}") = "AiInterpreter.Api", "AiInterpreter.Api\AiInterpreter.Api.csproj", "{5EABBD86-5FE4-423F-8D7A-03299E3617E9}"
EndProject
Project("{FAE04EC0-301F-11D3-BF4B-00C04F79EFBC}") = "AiInterpreter.Tests", "AiInterpreter.Tests\AiInterpreter.Tests.csproj", "{49081042-7202-4530-8F69-3E3A4CDE09EF}"
EndProject
Global
	GlobalSection(SolutionConfigurationPlatforms) = preSolution
		Debug|Any CPU = Debug|Any CPU
		Release|Any CPU = Release|Any CPU
	EndGlobalSection
	GlobalSection(SolutionProperties) = preSolution
		HideSolutionNode = FALSE
	EndGlobalSection
	GlobalSection(ProjectConfigurationPlatforms) = postSolution
		{5EABBD86-5FE4-423F-8D7A-03299E3617E9}.Debug|Any CPU.ActiveCfg = Debug|Any CPU
		{5EABBD86-5FE4-423F-8D7A-03299E3617E9}.Debug|Any CPU.Build.0 = Debug|Any CPU
		{5EABBD86-5FE4-423F-8D7A-03299E3617E9}.Release|Any CPU.ActiveCfg = Release|Any CPU
		{5EABBD86-5FE4-423F-8D7A-03299E3617E9}.Release|Any CPU.Build.0 = Release|Any CPU
		{49081042-7202-4530-8F69-3E3A4CDE09EF}.Debug|Any CPU.ActiveCfg = Debug|Any CPU
		{49081042-7202-4530-8F69-3E3A4CDE09EF}.Debug|Any CPU.Build.0 = Debug|Any CPU
		{49081042-7202-4530-8F69-3E3A4CDE09EF}.Release|Any CPU.ActiveCfg = Release|Any CPU
		{49081042-7202-4530-8F69-3E3A4CDE09EF}.Release|Any CPU.Build.0 = Release|Any CPU
	EndGlobalSection
EndGlobal
